
Microsoft Visual Studio Solution File, Format Version 12.00
# Visual Studio Version 17
VisualStudioVersion = 17.5.33530.505
MinimumVisualStudioVersion = 10.0.40219.1
Project("{2150E333-8FDC-42A3-9474-1A3956D46DE8}") = "Source", "Source", "{ACCBD9FB-8C9E-443D-98D6-9720D2F44264}"
EndProject
Project("{2150E333-8FDC-42A3-9474-1A3956D46DE8}") = "Core", "Core", "{BF247206-F6B4-492F-AEFF-DB47E98054C0}"
EndProject
Project("{2150E333-8FDC-42A3-9474-1A3956D46DE8}") = "Infrastructure", "Infrastructure", "{4041BDEC-79DD-422A-B938-AC101B189BD4}"
EndProject
Project("{2150E333-8FDC-42A3-9474-1A3956D46DE8}") = "Presentation", "Presentation", "{193A86B6-13EF-451D-A0DB-1FF9747D8F62}"
EndProject
Project("{2150E333-8FDC-42A3-9474-1A3956D46DE8}") = "Application", "Application", "{FC950C78-9F1E-4457-8677-A0A25FCBC88F}"
EndProject
Project("{2150E333-8FDC-42A3-9474-1A3956D46DE8}") = "Domain", "Domain", "{44A607FA-3A07-4DA2-B7C6-4B43FD6BECFF}"
EndProject
Project("{2150E333-8FDC-42A3-9474-1A3956D46DE8}") = "Services", "Services", "{61CD8340-576A-4D6F-9B4B-77BFBD38321E}"
EndProject
Project("{2150E333-8FDC-42A3-9474-1A3956D46DE8}") = "Identity", "Identity", "{F7E4A436-B638-48F8-90A1-6DE72F1CC7F6}"
EndProject
Project("{2150E333-8FDC-42A3-9474-1A3956D46DE8}") = "Persistence", "Persistence", "{DF5EBFBC-A798-494A-8DFE-1546A7A6DE86}"
EndProject
Project("{2150E333-8FDC-42A3-9474-1A3956D46DE8}") = "Shared", "Shared", "{F20EB848-01F8-4312-9467-E1B6B6F6A4E3}"
EndProject
Project("{2150E333-8FDC-42A3-9474-1A3956D46DE8}") = "WebApi", "WebApi", "{A6AEBED2-6A7F-4EF8-80B5-6C413C6A5768}"
EndProject
Project("{2150E333-8FDC-42A3-9474-1A3956D46DE8}") = "WebApp", "WebApp", "{190F5370-F908-4F48-A30B-E5D845A7F5C2}"
EndProject
Project("{FAE04EC0-301F-11D3-BF4B-00C04F79EFBC}") = "RSApp.Core.Application", "RSApp.Core.Application\RSApp.Core.Application.csproj", "{35456EFB-84EC-4D32-955E-62FC2440AF44}"
EndProject
Project("{FAE04EC0-301F-11D3-BF4B-00C04F79EFBC}") = "RSApp.Core.Domain", "RSApp.Core.Domain\RSApp.Core.Domain.csproj", "{F6F74D46-45DC-41EC-BDA7-98DBC41F2A03}"
EndProject
Project("{FAE04EC0-301F-11D3-BF4B-00C04F79EFBC}") = "RSApp.Core.Services", "RSApp.Core.Services\RSApp.Core.Services.csproj", "{467F1766-FFD8-455F-A11C-A379B598D957}"
EndProject
Project("{FAE04EC0-301F-11D3-BF4B-00C04F79EFBC}") = "RSApp.Infrastructure.Identity", "RSApp.Infrastructure.Identity\RSApp.Infrastructure.Identity.csproj", "{29BF786C-5B5F-4632-8B28-0A011425997B}"
EndProject
Project("{FAE04EC0-301F-11D3-BF4B-00C04F79EFBC}") = "RSApp.Infrastructure.Persistence", "RSApp.Infrastructure.Persistence\RSApp.Infrastructure.Persistence.csproj", "{1ACC18B4-21B5-475F-9F8E-C0F6230A53EC}"
EndProject
Project("{FAE04EC0-301F-11D3-BF4B-00C04F79EFBC}") = "RSApp.Infrastructure.Shared", "RSApp.Infrastructure.Shared\RSApp.Infrastructure.Shared.csproj", "{03A497CC-A0EB-446B-BB23-4EC574EC72FB}"
EndProject
Project("{FAE04EC0-301F-11D3-BF4B-00C04F79EFBC}") = "RSApp.Presentation.WebApi", "RSApp.Presentation.WebApi\RSApp.Presentation.WebApi.csproj", "{E54CF48D-7EE4-4B9D-AF35-F77A69BF3054}"
EndProject
Project("{FAE04EC0-301F-11D3-BF4B-00C04F79EFBC}") = "RSApp.Presentation.WebApp", "RSApp.Presentation.WebApp\RSApp.Presentation.WebApp.csproj", "{14B144BE-3538-4E2D-8175-6F6F18D4F339}"
EndProject
Global
	GlobalSection(SolutionConfigurationPlatforms) = preSolution
		Debug|Any CPU = Debug|Any CPU
		Release|Any CPU = Release|Any CPU
	EndGlobalSection
	GlobalSection(ProjectConfigurationPlatforms) = postSolution
		{35456EFB-84EC-4D32-955E-62FC2440AF44}.Debug|Any CPU.ActiveCfg = Debug|Any CPU
		{35456EFB-84EC-4D32-955E-62FC2440AF44}.Debug|Any CPU.Build.0 = Debug|Any CPU
		{35456EFB-84EC-4D32-955E-62FC2440AF44}.Release|Any CPU.ActiveCfg = Release|Any CPU
		{35456EFB-84EC-4D32-955E-62FC2440AF44}.Release|Any CPU.Build.0 = Release|Any CPU
		{F6F74D46-45DC-41EC-BDA7-98DBC41F2A03}.Debug|Any CPU.ActiveCfg = Debug|Any CPU
		{F6F74D46-45DC-41EC-BDA7-98DBC41F2A03}.Debug|Any CPU.Build.0 = Debug|Any CPU
		{F6F74D46-45DC-41EC-BDA7-98DBC41F2A03}.Release|Any CPU.ActiveCfg = Release|Any CPU
		{F6F74D46-45DC-41EC-BDA7-98DBC41F2A03}.Release|Any CPU.Build.0 = Release|Any CPU
		{467F1766-FFD8-455F-A11C-A379B598D957}.Debug|Any CPU.ActiveCfg = Debug|Any CPU
		{467F1766-FFD8-455F-A11C-A379B598D957}.Debug|Any CPU.Build.0 = Debug|Any CPU
		{467F1766-FFD8-455F-A11C-A379B598D957}.Release|Any CPU.ActiveCfg = Release|Any CPU
		{467F1766-FFD8-455F-A11C-A379B598D957}.Release|Any CPU.Build.0 = Release|Any CPU
		{29BF786C-5B5F-4632-8B28-0A011425997B}.Debug|Any CPU.ActiveCfg = Debug|Any CPU
		{29BF786C-5B5F-4632-8B28-0A011425997B}.Debug|Any CPU.Build.0 = Debug|Any CPU
		{29BF786C-5B5F-4632-8B28-0A011425997B}.Release|Any CPU.ActiveCfg = Release|Any CPU
		{29BF786C-5B5F-4632-8B28-0A011425997B}.Release|Any CPU.Build.0 = Release|Any CPU
		{1ACC18B4-21B5-475F-9F8E-C0F6230A53EC}.Debug|Any CPU.ActiveCfg = Debug|Any CPU
		{1ACC18B4-21B5-475F-9F8E-C0F6230A53EC}.Debug|Any CPU.Build.0 = Debug|Any CPU
		{1ACC18B4-21B5-475F-9F8E-C0F6230A53EC}.Release|Any CPU.ActiveCfg = Release|Any CPU
		{1ACC18B4-21B5-475F-9F8E-C0F6230A53EC}.Release|Any CPU.Build.0 = Release|Any CPU
		{03A497CC-A0EB-446B-BB23-4EC574EC72FB}.Debug|Any CPU.ActiveCfg = Debug|Any CPU
		{03A497CC-A0EB-446B-BB23-4EC574EC72FB}.Debug|Any CPU.Build.0 = Debug|Any CPU
		{03A497CC-A0EB-446B-BB23-4EC574EC72FB}.Release|Any CPU.ActiveCfg = Release|Any CPU
		{03A497CC-A0EB-446B-BB23-4EC574EC72FB}.Release|Any CPU.Build.0 = Release|Any CPU
		{E54CF48D-7EE4-4B9D-AF35-F77A69BF3054}.Debug|Any CPU.ActiveCfg = Debug|Any CPU
		{E54CF48D-7EE4-4B9D-AF35-F77A69BF3054}.Debug|Any CPU.Build.0 = Debug|Any CPU
		{E54CF48D-7EE4-4B9D-AF35-F77A69BF3054}.Release|Any CPU.ActiveCfg = Release|Any CPU
		{E54CF48D-7EE4-4B9D-AF35-F77A69BF3054}.Release|Any CPU.Build.0 = Release|Any CPU
		{14B144BE-3538-4E2D-8175-6F6F18D4F339}.Debug|Any CPU.ActiveCfg = Debug|Any CPU
		{14B144BE-3538-4E2D-8175-6F6F18D4F339}.Debug|Any CPU.Build.0 = Debug|Any CPU
		{14B144BE-3538-4E2D-8175-6F6F18D4F339}.Release|Any CPU.ActiveCfg = Release|Any CPU
		{14B144BE-3538-4E2D-8175-6F6F18D4F339}.Release|Any CPU.Build.0 = Release|Any CPU
	EndGlobalSection
	GlobalSection(SolutionProperties) = preSolution
		HideSolutionNode = FALSE
	EndGlobalSection
	GlobalSection(NestedProjects) = preSolution
		{BF247206-F6B4-492F-AEFF-DB47E98054C0} = {ACCBD9FB-8C9E-443D-98D6-9720D2F44264}
		{4041BDEC-79DD-422A-B938-AC101B189BD4} = {ACCBD9FB-8C9E-443D-98D6-9720D2F44264}
		{193A86B6-13EF-451D-A0DB-1FF9747D8F62} = {ACCBD9FB-8C9E-443D-98D6-9720D2F44264}
		{FC950C78-9F1E-4457-8677-A0A25FCBC88F} = {BF247206-F6B4-492F-AEFF-DB47E98054C0}
		{44A607FA-3A07-4DA2-B7C6-4B43FD6BECFF} = {BF247206-F6B4-492F-AEFF-DB47E98054C0}
		{61CD8340-576A-4D6F-9B4B-77BFBD38321E} = {BF247206-F6B4-492F-AEFF-DB47E98054C0}
		{F7E4A436-B638-48F8-90A1-6DE72F1CC7F6} = {4041BDEC-79DD-422A-B938-AC101B189BD4}
		{DF5EBFBC-A798-494A-8DFE-1546A7A6DE86} = {4041BDEC-79DD-422A-B938-AC101B189BD4}
		{F20EB848-01F8-4312-9467-E1B6B6F6A4E3} = {4041BDEC-79DD-422A-B938-AC101B189BD4}
		{A6AEBED2-6A7F-4EF8-80B5-6C413C6A5768} = {193A86B6-13EF-451D-A0DB-1FF9747D8F62}
		{190F5370-F908-4F48-A30B-E5D845A7F5C2} = {193A86B6-13EF-451D-A0DB-1FF9747D8F62}
		{35456EFB-84EC-4D32-955E-62FC2440AF44} = {FC950C78-9F1E-4457-8677-A0A25FCBC88F}
		{F6F74D46-45DC-41EC-BDA7-98DBC41F2A03} = {44A607FA-3A07-4DA2-B7C6-4B43FD6BECFF}
		{467F1766-FFD8-455F-A11C-A379B598D957} = {61CD8340-576A-4D6F-9B4B-77BFBD38321E}
		{29BF786C-5B5F-4632-8B28-0A011425997B} = {F7E4A436-B638-48F8-90A1-6DE72F1CC7F6}
		{1ACC18B4-21B5-475F-9F8E-C0F6230A53EC} = {DF5EBFBC-A798-494A-8DFE-1546A7A6DE86}
		{03A497CC-A0EB-446B-BB23-4EC574EC72FB} = {F20EB848-01F8-4312-9467-E1B6B6F6A4E3}
		{E54CF48D-7EE4-4B9D-AF35-F77A69BF3054} = {A6AEBED2-6A7F-4EF8-80B5-6C413C6A5768}
		{14B144BE-3538-4E2D-8175-6F6F18D4F339} = {190F5370-F908-4F48-A30B-E5D845A7F5C2}
	EndGlobalSection
	GlobalSection(ExtensibilityGlobals) = postSolution
		SolutionGuid = {74C1118C-674F-46C7-9F8E-B4FADECEA164}
	EndGlobalSection
EndGlobal
